
Microsoft Visual Studio Solution File, Format Version 12.00
# Visual Studio Version 16
VisualStudioVersion = 16.0.31112.23
MinimumVisualStudioVersion = 10.0.40219.1
Project("{8BC9CEB8-8B4A-11D0-8D11-00A0C91BC942}") = "ConvFileOudia06To101", "ConvFileOudia06To101.vcxproj", "{A1921162-95CD-41D9-AAE9-ECB67741C82F}"
EndProject
Project("{8BC9CEB8-8B4A-11D0-8D11-00A0C91BC942}") = "Str", "libs\OuLib\Str\Str.vcxproj", "{6A8CDE73-27FD-4CE2-A206-FAA901383A73}"
EndProject
Project("{8BC9CEB8-8B4A-11D0-8D11-00A0C91BC942}") = "OuPropertiesText", "libs\OuLib\Str\OuPropertiesText\OuPropertiesText.vcxproj", "{8CF84999-6CF1-4730-BB9D-E6BE1E2A680C}"
EndProject
Project("{8BC9CEB8-8B4A-11D0-8D11-00A0C91BC942}") = "ConvFileExec", "..\ConvFileExec\ConvFileExec.vcxproj", "{D0BDB5FA-F577-439B-A401-10592ADA4424}"
EndProject
Global
	GlobalSection(SolutionConfigurationPlatforms) = preSolution
		Debug|Win32 = Debug|Win32
		Release_Static|Win32 = Release_Static|Win32
		Release|Win32 = Release|Win32
	EndGlobalSection
	GlobalSection(ProjectConfigurationPlatforms) = postSolution
		{A1921162-95CD-41D9-AAE9-ECB67741C82F}.Debug|Win32.ActiveCfg = Debug|Win32
		{A1921162-95CD-41D9-AAE9-ECB67741C82F}.Debug|Win32.Build.0 = Debug|Win32
		{A1921162-95CD-41D9-AAE9-ECB67741C82F}.Release_Static|Win32.ActiveCfg = Release_Static|Win32
		{A1921162-95CD-41D9-AAE9-ECB67741C82F}.Release_Static|Win32.Build.0 = Release_Static|Win32
		{A1921162-95CD-41D9-AAE9-ECB67741C82F}.Release|Win32.ActiveCfg = Release|Win32
		{A1921162-95CD-41D9-AAE9-ECB67741C82F}.Release|Win32.Build.0 = Release|Win32
		{6A8CDE73-27FD-4CE2-A206-FAA901383A73}.Debug|Win32.ActiveCfg = Debug|Win32
		{6A8CDE73-27FD-4CE2-A206-FAA901383A73}.Debug|Win32.Build.0 = Debug|Win32
		{6A8CDE73-27FD-4CE2-A206-FAA901383A73}.Release_Static|Win32.ActiveCfg = Release_Static|Win32
		{6A8CDE73-27FD-4CE2-A206-FAA901383A73}.Release_Static|Win32.Build.0 = Release_Static|Win32
		{6A8CDE73-27FD-4CE2-A206-FAA901383A73}.Release|Win32.ActiveCfg = Release|Win32
		{6A8CDE73-27FD-4CE2-A206-FAA901383A73}.Release|Win32.Build.0 = Release|Win32
		{8CF84999-6CF1-4730-BB9D-E6BE1E2A680C}.Debug|Win32.ActiveCfg = Debug|Win32
		{8CF84999-6CF1-4730-BB9D-E6BE1E2A680C}.Debug|Win32.Build.0 = Debug|Win32
		{8CF84999-6CF1-4730-BB9D-E6BE1E2A680C}.Release_Static|Win32.ActiveCfg = Release_Static|Win32
		{8CF84999-6CF1-4730-BB9D-E6BE1E2A680C}.Release_Static|Win32.Build.0 = Release_Static|Win32
		{8CF84999-6CF1-4730-BB9D-E6BE1E2A680C}.Release|Win32.ActiveCfg = Release|Win32
		{8CF84999-6CF1-4730-BB9D-E6BE1E2A680C}.Release|Win32.Build.0 = Release|Win32
		{D0BDB5FA-F577-439B-A401-10592ADA4424}.Debug|Win32.ActiveCfg = Debug|Win32
		{D0BDB5FA-F577-439B-A401-10592ADA4424}.Debug|Win32.Build.0 = Debug|Win32
		{D0BDB5FA-F577-439B-A401-10592ADA4424}.Release_Static|Win32.ActiveCfg = Release_Static|Win32
		{D0BDB5FA-F577-439B-A401-10592ADA4424}.Release_Static|Win32.Build.0 = Release_Static|Win32
		{D0BDB5FA-F577-439B-A401-10592ADA4424}.Release|Win32.ActiveCfg = Release|Win32
		{D0BDB5FA-F577-439B-A401-10592ADA4424}.Release|Win32.Build.0 = Release|Win32
	EndGlobalSection
	GlobalSection(SolutionProperties) = preSolution
		HideSolutionNode = FALSE
	EndGlobalSection
	GlobalSection(ExtensibilityGlobals) = postSolution
		SolutionGuid = {505D5868-74BD-4A7A-A771-225B5A617990}
	EndGlobalSection
EndGlobal
