<?xml version="1.0" encoding="utf-8"?>
<Project ToolsVersion="4.0" xmlns="http://schemas.microsoft.com/developer/msbuild/2003">
  <ItemGroup>
    <Filter Include="Source Files">
      <UniqueIdentifier>{007df54f-d0c6-4531-9518-8d550de248c3}</UniqueIdentifier>
      <Extensions>cpp;c;cxx;rc;def;r;odl;idl;hpj;bat</Extensions>
    </Filter>
    <Filter Include="Header Files">
      <UniqueIdentifier>{3c64f3da-69d3-4cf9-8ba9-37f7c2d4d0ad}</UniqueIdentifier>
      <Extensions>h;hpp;hxx;hm;inl</Extensions>
    </Filter>
    <Filter Include="CsvDocument">
      <UniqueIdentifier>{13ea7c4b-27dd-47cd-b80f-3623e7f4d230}</UniqueIdentifier>
    </Filter>
  </ItemGroup>
  <ItemGroup>
    <ClCompile Include="CConnectedStringCompress.cpp">
      <Filter>Source Files</Filter>
    </ClCompile>
    <ClCompile Include="CdConnectedString2.cpp">
      <Filter>Source Files</Filter>
    </ClCompile>
    <ClCompile Include="CdFilenameStr.cpp">
      <Filter>Source Files</Filter>
    </ClCompile>
    <ClCompile Include="CStrCharSizeMb.cpp">
      <Filter>Source Files</Filter>
    </ClCompile>
    <ClCompile Include="strLf.cpp">
      <Filter>Source Files</Filter>
    </ClCompile>
    <ClCompile Include="strprintf.cpp">
      <Filter>Source Files</Filter>
    </ClCompile>
    <ClCompile Include="strToWstr.cpp">
      <Filter>Source Files</Filter>
    </ClCompile>
    <ClCompile Include="vectorToFile.cpp">
      <Filter>Source Files</Filter>
    </ClCompile>
    <ClCompile Include="CsvDocument\CConvCsvDocument.cpp">
      <Filter>CsvDocument</Filter>
    </ClCompile>
    <ClCompile Include="CsvDocument\CdCsvDocument.cpp">
      <Filter>CsvDocument</Filter>
    </ClCompile>
  </ItemGroup>
  <ItemGroup>
    <ClInclude Include="CConnectedStringCompress.h">
      <Filter>Header Files</Filter>
    </ClInclude>
    <ClInclude Include="CdConnectedString.h">
      <Filter>Header Files</Filter>
    </ClInclude>
    <ClInclude Include="CdConnectedString2.h">
      <Filter>Header Files</Filter>
    </ClInclude>
    <ClInclude Include="CdFilenameStr.h">
      <Filter>Header Files</Filter>
    </ClInclude>
    <ClInclude Include="CEnumToString.h">
      <Filter>Header Files</Filter>
    </ClInclude>
    <ClInclude Include="CStrCharSizeMb.h">
      <Filter>Header Files</Filter>
    </ClInclude>
    <ClInclude Include="stringSplit.h">
      <Filter>Header Files</Filter>
    </ClInclude>
    <ClInclude Include="strLf.h">
      <Filter>Header Files</Filter>
    </ClInclude>
    <ClInclude Include="strprintf.h">
      <Filter>Header Files</Filter>
    </ClInclude>
    <ClInclude Include="strToInt.h">
      <Filter>Header Files</Filter>
    </ClInclude>
    <ClInclude Include="strToVector.h">
      <Filter>Header Files</Filter>
    </ClInclude>
    <ClInclude Include="strToWstr.h">
      <Filter>Header Files</Filter>
    </ClInclude>
    <ClInclude Include="vectorToFile.h">
      <Filter>Header Files</Filter>
    </ClInclude>
    <ClInclude Include="CsvDocument\CConvCsvDocument.h">
      <Filter>CsvDocument</Filter>
    </ClInclude>
    <ClInclude Include="CsvDocument\CdCsvCell.h">
      <Filter>CsvDocument</Filter>
    </ClInclude>
    <ClInclude Include="CsvDocument\CdCsvDocument.h">
      <Filter>CsvDocument</Filter>
    </ClInclude>
    <ClInclude Include="CsvDocument\CdCsvRow.h">
      <Filter>CsvDocument</Filter>
    </ClInclude>
  </ItemGroup>
</Project>