
Microsoft Visual Studio Solution File, Format Version 10.00
# Visual Studio 2008
Project("{8BC9CEB8-8B4A-11D0-8D11-00A0C91BC942}") = "ConvFileExec", "..\ConvFileExec\ConvFileExec.vcproj", "{D0BDB5FA-F577-439B-A401-10592ADA4424}"
EndProject
Project("{8BC9CEB8-8B4A-11D0-8D11-00A0C91BC942}") = "ConvFileOudia02To03", "ConvFileOudia02To03.vcproj", "{384DCE35-F143-43F9-AD2B-9051F8400473}"
	ProjectSection(ProjectDependencies) = postProject
		{386A9523-2EC7-491A-9A02-6E4BB22BD55C} = {386A9523-2EC7-491A-9A02-6E4BB22BD55C}
		{E5B9466D-30AC-44CE-A57C-C85810EC02A7} = {E5B9466D-30AC-44CE-A57C-C85810EC02A7}
	EndProjectSection
EndProject
Project("{8BC9CEB8-8B4A-11D0-8D11-00A0C91BC942}") = "Str", "libs\OuLib\Str\Str.vcproj", "{E5B9466D-30AC-44CE-A57C-C85810EC02A7}"
EndProject
Project("{8BC9CEB8-8B4A-11D0-8D11-00A0C91BC942}") = "logmsg", "libs\OuLib\logmsg\logmsg.vcproj", "{386A9523-2EC7-491A-9A02-6E4BB22BD55C}"
EndProject
Global
	GlobalSection(SolutionConfigurationPlatforms) = preSolution
		Debug|Win32 = Debug|Win32
		Release_Static|Win32 = Release_Static|Win32
		Release|Win32 = Release|Win32
	EndGlobalSection
	GlobalSection(ProjectConfigurationPlatforms) = postSolution
		{D0BDB5FA-F577-439B-A401-10592ADA4424}.Debug|Win32.ActiveCfg = Debug|Win32
		{D0BDB5FA-F577-439B-A401-10592ADA4424}.Debug|Win32.Build.0 = Debug|Win32
		{D0BDB5FA-F577-439B-A401-10592ADA4424}.Release_Static|Win32.ActiveCfg = Release_Static|Win32
		{D0BDB5FA-F577-439B-A401-10592ADA4424}.Release_Static|Win32.Build.0 = Release_Static|Win32
		{D0BDB5FA-F577-439B-A401-10592ADA4424}.Release|Win32.ActiveCfg = Release|Win32
		{D0BDB5FA-F577-439B-A401-10592ADA4424}.Release|Win32.Build.0 = Release|Win32
		{384DCE35-F143-43F9-AD2B-9051F8400473}.Debug|Win32.ActiveCfg = Debug|Win32
		{384DCE35-F143-43F9-AD2B-9051F8400473}.Debug|Win32.Build.0 = Debug|Win32
		{384DCE35-F143-43F9-AD2B-9051F8400473}.Release_Static|Win32.ActiveCfg = Release_Static|Win32
		{384DCE35-F143-43F9-AD2B-9051F8400473}.Release_Static|Win32.Build.0 = Release_Static|Win32
		{384DCE35-F143-43F9-AD2B-9051F8400473}.Release|Win32.ActiveCfg = Release|Win32
		{384DCE35-F143-43F9-AD2B-9051F8400473}.Release|Win32.Build.0 = Release|Win32
		{E5B9466D-30AC-44CE-A57C-C85810EC02A7}.Debug|Win32.ActiveCfg = Debug|Win32
		{E5B9466D-30AC-44CE-A57C-C85810EC02A7}.Debug|Win32.Build.0 = Debug|Win32
		{E5B9466D-30AC-44CE-A57C-C85810EC02A7}.Release_Static|Win32.ActiveCfg = Release_Static|Win32
		{E5B9466D-30AC-44CE-A57C-C85810EC02A7}.Release_Static|Win32.Build.0 = Release_Static|Win32
		{E5B9466D-30AC-44CE-A57C-C85810EC02A7}.Release|Win32.ActiveCfg = Release|Win32
		{E5B9466D-30AC-44CE-A57C-C85810EC02A7}.Release|Win32.Build.0 = Release|Win32
		{386A9523-2EC7-491A-9A02-6E4BB22BD55C}.Debug|Win32.ActiveCfg = Debug|Win32
		{386A9523-2EC7-491A-9A02-6E4BB22BD55C}.Debug|Win32.Build.0 = Debug|Win32
		{386A9523-2EC7-491A-9A02-6E4BB22BD55C}.Release_Static|Win32.ActiveCfg = Release_Static|Win32
		{386A9523-2EC7-491A-9A02-6E4BB22BD55C}.Release_Static|Win32.Build.0 = Release_Static|Win32
		{386A9523-2EC7-491A-9A02-6E4BB22BD55C}.Release|Win32.ActiveCfg = Release|Win32
		{386A9523-2EC7-491A-9A02-6E4BB22BD55C}.Release|Win32.Build.0 = Release|Win32
	EndGlobalSection
	GlobalSection(SolutionProperties) = preSolution
		HideSolutionNode = FALSE
	EndGlobalSection
EndGlobal
