<?xml version="1.0" encoding="utf-8"?>
<Project ToolsVersion="4.0" xmlns="http://schemas.microsoft.com/developer/msbuild/2003">
  <ItemGroup>
    <Filter Include="Source Files">
      <UniqueIdentifier>{99614a86-e9a0-49f6-b490-9b5857908036}</UniqueIdentifier>
      <Extensions>cpp;c;cxx;rc;def;r;odl;idl;hpj;bat</Extensions>
    </Filter>
    <Filter Include="Header Files">
      <UniqueIdentifier>{067f89d4-39b5-4fcd-9913-c8d7dd62ef76}</UniqueIdentifier>
      <Extensions>h;hpp;hxx;hm;inl</Extensions>
    </Filter>
  </ItemGroup>
  <ItemGroup>
    <ClCompile Include="CConnectedStringCompress.cpp">
      <Filter>Source Files</Filter>
    </ClCompile>
    <ClCompile Include="CdConnectedString2.cpp">
      <Filter>Source Files</Filter>
    </ClCompile>
    <ClCompile Include="CdFilenameStr.cpp">
      <Filter>Source Files</Filter>
    </ClCompile>
    <ClCompile Include="CStrCharSizeMb.cpp">
      <Filter>Source Files</Filter>
    </ClCompile>
    <ClCompile Include="strLf.cpp">
      <Filter>Source Files</Filter>
    </ClCompile>
    <ClCompile Include="strprintf.cpp">
      <Filter>Source Files</Filter>
    </ClCompile>
    <ClCompile Include="strToWstr.cpp">
      <Filter>Source Files</Filter>
    </ClCompile>
    <ClCompile Include="vectorToFile.cpp">
      <Filter>Source Files</Filter>
    </ClCompile>
  </ItemGroup>
  <ItemGroup>
    <ClInclude Include="CConnectedStringCompress.h">
      <Filter>Header Files</Filter>
    </ClInclude>
    <ClInclude Include="CdConnectedString.h">
      <Filter>Header Files</Filter>
    </ClInclude>
    <ClInclude Include="CdConnectedString2.h">
      <Filter>Header Files</Filter>
    </ClInclude>
    <ClInclude Include="CdFilenameStr.h">
      <Filter>Header Files</Filter>
    </ClInclude>
    <ClInclude Include="CStrCharSizeMb.h">
      <Filter>Header Files</Filter>
    </ClInclude>
    <ClInclude Include="stringSplit.h">
      <Filter>Header Files</Filter>
    </ClInclude>
    <ClInclude Include="strLf.h">
      <Filter>Header Files</Filter>
    </ClInclude>
    <ClInclude Include="strprintf.h">
      <Filter>Header Files</Filter>
    </ClInclude>
    <ClInclude Include="strToInt.h">
      <Filter>Header Files</Filter>
    </ClInclude>
    <ClInclude Include="strToVector.h">
      <Filter>Header Files</Filter>
    </ClInclude>
    <ClInclude Include="strToWstr.h">
      <Filter>Header Files</Filter>
    </ClInclude>
    <ClInclude Include="vectorToFile.h">
      <Filter>Header Files</Filter>
    </ClInclude>
  </ItemGroup>
</Project>