
Microsoft Visual Studio Solution File, Format Version 10.00
# Visual Studio 2008
Project("{8BC9CEB8-8B4A-11D0-8D11-00A0C91BC942}") = "DiagramEdit", "DiagramEdit\DiagramEdit.vcproj", "{F3C4286C-FD52-4837-BE68-5741C667760F}"
	ProjectSection(ProjectDependencies) = postProject
		{B50D881D-5DC7-40B4-90FE-3DD6DDA524E2} = {B50D881D-5DC7-40B4-90FE-3DD6DDA524E2}
	EndProjectSection
EndProject
Project("{54435603-DBB4-11D2-8724-00A0C9A8B90C}") = "DiagramEdit_setup", "DiagramEdit_setup\DiagramEdit_setup.vdproj", "{1B6D9A2E-0415-4CA5-915D-8751D3042C35}"
EndProject
Project("{8BC9CEB8-8B4A-11D0-8D11-00A0C91BC942}") = "DiagramEditLibPrj", "DiagramEditLibPrj\DiagramEditLibPrj.vcproj", "{B50D881D-5DC7-40B4-90FE-3DD6DDA524E2}"
EndProject
Global
	GlobalSection(SolutionConfigurationPlatforms) = preSolution
		Debug|Win32 = Debug|Win32
		Release_Static|Win32 = Release_Static|Win32
		Release|Win32 = Release|Win32
	EndGlobalSection
	GlobalSection(ProjectConfigurationPlatforms) = postSolution
		{F3C4286C-FD52-4837-BE68-5741C667760F}.Debug|Win32.ActiveCfg = Debug|Win32
		{F3C4286C-FD52-4837-BE68-5741C667760F}.Debug|Win32.Build.0 = Debug|Win32
		{F3C4286C-FD52-4837-BE68-5741C667760F}.Release_Static|Win32.ActiveCfg = Release_Static|Win32
		{F3C4286C-FD52-4837-BE68-5741C667760F}.Release_Static|Win32.Build.0 = Release_Static|Win32
		{F3C4286C-FD52-4837-BE68-5741C667760F}.Release|Win32.ActiveCfg = Release|Win32
		{F3C4286C-FD52-4837-BE68-5741C667760F}.Release|Win32.Build.0 = Release|Win32
		{1B6D9A2E-0415-4CA5-915D-8751D3042C35}.Debug|Win32.ActiveCfg = Debug
		{1B6D9A2E-0415-4CA5-915D-8751D3042C35}.Release_Static|Win32.ActiveCfg = Release_Static
		{1B6D9A2E-0415-4CA5-915D-8751D3042C35}.Release|Win32.ActiveCfg = Release
		{B50D881D-5DC7-40B4-90FE-3DD6DDA524E2}.Debug|Win32.ActiveCfg = Debug|Win32
		{B50D881D-5DC7-40B4-90FE-3DD6DDA524E2}.Debug|Win32.Build.0 = Debug|Win32
		{B50D881D-5DC7-40B4-90FE-3DD6DDA524E2}.Release_Static|Win32.ActiveCfg = Release_Static|Win32
		{B50D881D-5DC7-40B4-90FE-3DD6DDA524E2}.Release_Static|Win32.Build.0 = Release_Static|Win32
		{B50D881D-5DC7-40B4-90FE-3DD6DDA524E2}.Release|Win32.ActiveCfg = Release|Win32
		{B50D881D-5DC7-40B4-90FE-3DD6DDA524E2}.Release|Win32.Build.0 = Release|Win32
	EndGlobalSection
	GlobalSection(SolutionProperties) = preSolution
		HideSolutionNode = FALSE
	EndGlobalSection
EndGlobal
